// !$*UTF8*$!
{
	archiveVersion = 1;
	classes = {
	};
	objectVersion = 56;
	objects = {

/* Begin PBXBuildFile section */
		930021F32ACD9BDC00A88CA0 /* NewsModel.swift in Sources */ = {isa = PBXBuildFile; fileRef = 930021F22ACD9BDC00A88CA0 /* NewsModel.swift */; };
		9317416D2ACC572E003AE7F2 /* AppDelegate.swift in Sources */ = {isa = PBXBuildFile; fileRef = 9317416C2ACC572E003AE7F2 /* AppDelegate.swift */; };
		9317416F2ACC572E003AE7F2 /* SceneDelegate.swift in Sources */ = {isa = PBXBuildFile; fileRef = 9317416E2ACC572E003AE7F2 /* SceneDelegate.swift */; };
		931741712ACC572E003AE7F2 /* HomeScreenViewController.swift in Sources */ = {isa = PBXBuildFile; fileRef = 931741702ACC572E003AE7F2 /* HomeScreenViewController.swift */; };
		931741772ACC572E003AE7F2 /* DigitalNews.xcdatamodeld in Sources */ = {isa = PBXBuildFile; fileRef = 931741752ACC572E003AE7F2 /* DigitalNews.xcdatamodeld */; };
		931741792ACC5730003AE7F2 /* Assets.xcassets in Resources */ = {isa = PBXBuildFile; fileRef = 931741782ACC5730003AE7F2 /* Assets.xcassets */; };
		9317417C2ACC5730003AE7F2 /* LaunchScreen.storyboard in Resources */ = {isa = PBXBuildFile; fileRef = 9317417A2ACC5730003AE7F2 /* LaunchScreen.storyboard */; };
		935159922ACDBE2B00458601 /* CustomNavigationBarView.swift in Sources */ = {isa = PBXBuildFile; fileRef = 935159912ACDBE2B00458601 /* CustomNavigationBarView.swift */; };
		935159942ACDBE4B00458601 /* CustomNavigationBarView.xib in Resources */ = {isa = PBXBuildFile; fileRef = 935159932ACDBE4B00458601 /* CustomNavigationBarView.xib */; };
		935159972ACDBF6E00458601 /* NewsListTableViewCell.swift in Sources */ = {isa = PBXBuildFile; fileRef = 935159952ACDBF6E00458601 /* NewsListTableViewCell.swift */; };
		935159982ACDBF6E00458601 /* NewsListTableViewCell.xib in Resources */ = {isa = PBXBuildFile; fileRef = 935159962ACDBF6E00458601 /* NewsListTableViewCell.xib */; };
		935213CC2ACC7D6200911781 /* HomeScreenViewController.xib in Resources */ = {isa = PBXBuildFile; fileRef = 935213CB2ACC7D6200911781 /* HomeScreenViewController.xib */; };
		935213D02ACC843600911781 /* UIViewController+Extension.swift in Sources */ = {isa = PBXBuildFile; fileRef = 935213CF2ACC843600911781 /* UIViewController+Extension.swift */; };
		935213D32ACC87C700911781 /* NibLoadable.swift in Sources */ = {isa = PBXBuildFile; fileRef = 935213D22ACC87C700911781 /* NibLoadable.swift */; };
		935213D62ACC915C00911781 /* HomeScreenViewModel.swift in Sources */ = {isa = PBXBuildFile; fileRef = 935213D52ACC915C00911781 /* HomeScreenViewModel.swift */; };
		93C6B6D02AD57F640055C162 /* News+Decodable.swift in Sources */ = {isa = PBXBuildFile; fileRef = 93C6B6CF2AD57F640055C162 /* News+Decodable.swift */; };
		93C6B6D32AD5A33B0055C162 /* CoreDataService.swift in Sources */ = {isa = PBXBuildFile; fileRef = 93C6B6D22AD5A33B0055C162 /* CoreDataService.swift */; };
		93C6B6D72AD5A3C50055C162 /* CoreDatabaseServiceable.swift in Sources */ = {isa = PBXBuildFile; fileRef = 93C6B6D62AD5A3C50055C162 /* CoreDatabaseServiceable.swift */; };
		93C6B6DB2AD5ADB10055C162 /* NewsRepository.swift in Sources */ = {isa = PBXBuildFile; fileRef = 93C6B6DA2AD5ADB10055C162 /* NewsRepository.swift */; };
		93C6B6DD2AD5B9800055C162 /* AlamoNetworking.swift in Sources */ = {isa = PBXBuildFile; fileRef = 93C6B6DC2AD5B9800055C162 /* AlamoNetworking.swift */; };
		93C6B6DF2AD5BA7E0055C162 /* NetworkRequestBodyConvertible.swift in Sources */ = {isa = PBXBuildFile; fileRef = 93C6B6DE2AD5BA7E0055C162 /* NetworkRequestBodyConvertible.swift */; };
		93C6B6E12AD5BACC0055C162 /* Endpoint.swift in Sources */ = {isa = PBXBuildFile; fileRef = 93C6B6E02AD5BACC0055C162 /* Endpoint.swift */; };
		93C6B6E32AD5CA3B0055C162 /* AlamoNetworkingProtocol.swift in Sources */ = {isa = PBXBuildFile; fileRef = 93C6B6E22AD5CA3B0055C162 /* AlamoNetworkingProtocol.swift */; };
		93C6B6E52AD5CF010055C162 /* NewsEndpoint.swift in Sources */ = {isa = PBXBuildFile; fileRef = 93C6B6E42AD5CF010055C162 /* NewsEndpoint.swift */; };
		93C6B6E72AD5D5640055C162 /* GetNewsInstruction.swift in Sources */ = {isa = PBXBuildFile; fileRef = 93C6B6E62AD5D5640055C162 /* GetNewsInstruction.swift */; };
		93C6B6E92AD5D96B0055C162 /* APIKeys.swift in Sources */ = {isa = PBXBuildFile; fileRef = 93C6B6E82AD5D96B0055C162 /* APIKeys.swift */; };
		F80683D1D3105C2CAB7FC8F3 /* Pods_DigitalNews.framework in Frameworks */ = {isa = PBXBuildFile; fileRef = 3B5F19C3E1E6D4D2CEDF218F /* Pods_DigitalNews.framework */; };
/* End PBXBuildFile section */

/* Begin PBXFileReference section */
		353D5FD39D07965646CB7AE0 /* Pods-DigitalNews.debug.xcconfig */ = {isa = PBXFileReference; includeInIndex = 1; lastKnownFileType = text.xcconfig; name = "Pods-DigitalNews.debug.xcconfig"; path = "Target Support Files/Pods-DigitalNews/Pods-DigitalNews.debug.xcconfig"; sourceTree = "<group>"; };
		3B5F19C3E1E6D4D2CEDF218F /* Pods_DigitalNews.framework */ = {isa = PBXFileReference; explicitFileType = wrapper.framework; includeInIndex = 0; path = Pods_DigitalNews.framework; sourceTree = BUILT_PRODUCTS_DIR; };
		930021F22ACD9BDC00A88CA0 /* NewsModel.swift */ = {isa = PBXFileReference; lastKnownFileType = sourcecode.swift; path = NewsModel.swift; sourceTree = "<group>"; };
		931741692ACC572E003AE7F2 /* DigitalNews.app */ = {isa = PBXFileReference; explicitFileType = wrapper.application; includeInIndex = 0; path = DigitalNews.app; sourceTree = BUILT_PRODUCTS_DIR; };
		9317416C2ACC572E003AE7F2 /* AppDelegate.swift */ = {isa = PBXFileReference; lastKnownFileType = sourcecode.swift; path = AppDelegate.swift; sourceTree = "<group>"; };
		9317416E2ACC572E003AE7F2 /* SceneDelegate.swift */ = {isa = PBXFileReference; lastKnownFileType = sourcecode.swift; path = SceneDelegate.swift; sourceTree = "<group>"; };
		931741702ACC572E003AE7F2 /* HomeScreenViewController.swift */ = {isa = PBXFileReference; lastKnownFileType = sourcecode.swift; path = HomeScreenViewController.swift; sourceTree = "<group>"; };
		931741762ACC572E003AE7F2 /* DigitalNews.xcdatamodel */ = {isa = PBXFileReference; lastKnownFileType = wrapper.xcdatamodel; path = DigitalNews.xcdatamodel; sourceTree = "<group>"; };
		931741782ACC5730003AE7F2 /* Assets.xcassets */ = {isa = PBXFileReference; lastKnownFileType = folder.assetcatalog; path = Assets.xcassets; sourceTree = "<group>"; };
		9317417B2ACC5730003AE7F2 /* Base */ = {isa = PBXFileReference; lastKnownFileType = file.storyboard; name = Base; path = Base.lproj/LaunchScreen.storyboard; sourceTree = "<group>"; };
		9317417D2ACC5730003AE7F2 /* Info.plist */ = {isa = PBXFileReference; lastKnownFileType = text.plist.xml; path = Info.plist; sourceTree = "<group>"; };
		935159912ACDBE2B00458601 /* CustomNavigationBarView.swift */ = {isa = PBXFileReference; lastKnownFileType = sourcecode.swift; path = CustomNavigationBarView.swift; sourceTree = "<group>"; };
		935159932ACDBE4B00458601 /* CustomNavigationBarView.xib */ = {isa = PBXFileReference; lastKnownFileType = file.xib; path = CustomNavigationBarView.xib; sourceTree = "<group>"; };
		935159952ACDBF6E00458601 /* NewsListTableViewCell.swift */ = {isa = PBXFileReference; lastKnownFileType = sourcecode.swift; path = NewsListTableViewCell.swift; sourceTree = "<group>"; };
		935159962ACDBF6E00458601 /* NewsListTableViewCell.xib */ = {isa = PBXFileReference; lastKnownFileType = file.xib; path = NewsListTableViewCell.xib; sourceTree = "<group>"; };
		935213CB2ACC7D6200911781 /* HomeScreenViewController.xib */ = {isa = PBXFileReference; lastKnownFileType = file.xib; path = HomeScreenViewController.xib; sourceTree = "<group>"; };
		935213CF2ACC843600911781 /* UIViewController+Extension.swift */ = {isa = PBXFileReference; lastKnownFileType = sourcecode.swift; path = "UIViewController+Extension.swift"; sourceTree = "<group>"; };
		935213D22ACC87C700911781 /* NibLoadable.swift */ = {isa = PBXFileReference; lastKnownFileType = sourcecode.swift; path = NibLoadable.swift; sourceTree = "<group>"; };
		935213D52ACC915C00911781 /* HomeScreenViewModel.swift */ = {isa = PBXFileReference; lastKnownFileType = sourcecode.swift; path = HomeScreenViewModel.swift; sourceTree = "<group>"; };
		93C6B6CF2AD57F640055C162 /* News+Decodable.swift */ = {isa = PBXFileReference; lastKnownFileType = sourcecode.swift; path = "News+Decodable.swift"; sourceTree = "<group>"; };
		93C6B6D22AD5A33B0055C162 /* CoreDataService.swift */ = {isa = PBXFileReference; lastKnownFileType = sourcecode.swift; path = CoreDataService.swift; sourceTree = "<group>"; };
		93C6B6D62AD5A3C50055C162 /* CoreDatabaseServiceable.swift */ = {isa = PBXFileReference; lastKnownFileType = sourcecode.swift; path = CoreDatabaseServiceable.swift; sourceTree = "<group>"; };
		93C6B6DA2AD5ADB10055C162 /* NewsRepository.swift */ = {isa = PBXFileReference; lastKnownFileType = sourcecode.swift; path = NewsRepository.swift; sourceTree = "<group>"; };
		93C6B6DC2AD5B9800055C162 /* AlamoNetworking.swift */ = {isa = PBXFileReference; lastKnownFileType = sourcecode.swift; path = AlamoNetworking.swift; sourceTree = "<group>"; };
		93C6B6DE2AD5BA7E0055C162 /* NetworkRequestBodyConvertible.swift */ = {isa = PBXFileReference; lastKnownFileType = sourcecode.swift; path = NetworkRequestBodyConvertible.swift; sourceTree = "<group>"; };
		93C6B6E02AD5BACC0055C162 /* Endpoint.swift */ = {isa = PBXFileReference; lastKnownFileType = sourcecode.swift; path = Endpoint.swift; sourceTree = "<group>"; };
		93C6B6E22AD5CA3B0055C162 /* AlamoNetworkingProtocol.swift */ = {isa = PBXFileReference; lastKnownFileType = sourcecode.swift; path = AlamoNetworkingProtocol.swift; sourceTree = "<group>"; };
		93C6B6E42AD5CF010055C162 /* NewsEndpoint.swift */ = {isa = PBXFileReference; lastKnownFileType = sourcecode.swift; path = NewsEndpoint.swift; sourceTree = "<group>"; };
		93C6B6E62AD5D5640055C162 /* GetNewsInstruction.swift */ = {isa = PBXFileReference; lastKnownFileType = sourcecode.swift; path = GetNewsInstruction.swift; sourceTree = "<group>"; };
		93C6B6E82AD5D96B0055C162 /* APIKeys.swift */ = {isa = PBXFileReference; lastKnownFileType = sourcecode.swift; path = APIKeys.swift; sourceTree = "<group>"; };
		A0D165E124CFFE81F8B1AD0A /* Pods-DigitalNews.release.xcconfig */ = {isa = PBXFileReference; includeInIndex = 1; lastKnownFileType = text.xcconfig; name = "Pods-DigitalNews.release.xcconfig"; path = "Target Support Files/Pods-DigitalNews/Pods-DigitalNews.release.xcconfig"; sourceTree = "<group>"; };
/* End PBXFileReference section */

/* Begin PBXFrameworksBuildPhase section */
		931741662ACC572E003AE7F2 /* Frameworks */ = {
			isa = PBXFrameworksBuildPhase;
			buildActionMask = 2147483647;
			files = (
				F80683D1D3105C2CAB7FC8F3 /* Pods_DigitalNews.framework in Frameworks */,
			);
			runOnlyForDeploymentPostprocessing = 0;
		};
/* End PBXFrameworksBuildPhase section */

/* Begin PBXGroup section */
		931741602ACC572E003AE7F2 = {
			isa = PBXGroup;
			children = (
				9317416B2ACC572E003AE7F2 /* DigitalNews */,
				9317416A2ACC572E003AE7F2 /* Products */,
				BA4C744062857FF836172F3F /* Pods */,
				97EE44164851F3AAFC681E34 /* Frameworks */,
			);
			sourceTree = "<group>";
		};
		9317416A2ACC572E003AE7F2 /* Products */ = {
			isa = PBXGroup;
			children = (
				931741692ACC572E003AE7F2 /* DigitalNews.app */,
			);
			name = Products;
			sourceTree = "<group>";
		};
		9317416B2ACC572E003AE7F2 /* DigitalNews */ = {
			isa = PBXGroup;
			children = (
				935213DA2ACCBFB500911781 /* Domain */,
				935213CD2ACC841000911781 /* Utils */,
				931741872ACC5A16003AE7F2 /* Resources */,
				931741852ACC5A02003AE7F2 /* Presentation */,
				931741842ACC59DF003AE7F2 /* Data */,
				931741832ACC5954003AE7F2 /* Application */,
			);
			path = DigitalNews;
			sourceTree = "<group>";
		};
		931741832ACC5954003AE7F2 /* Application */ = {
			isa = PBXGroup;
			children = (
				9317417D2ACC5730003AE7F2 /* Info.plist */,
				9317416C2ACC572E003AE7F2 /* AppDelegate.swift */,
				9317416E2ACC572E003AE7F2 /* SceneDelegate.swift */,
			);
			path = Application;
			sourceTree = "<group>";
		};
		931741842ACC59DF003AE7F2 /* Data */ = {
			isa = PBXGroup;
			children = (
				93C6B6D82AD5AC170055C162 /* Repository */,
				93C6B6D42AD5A3900055C162 /* Database */,
				93C6B6C72AD57B890055C162 /* Network */,
			);
			path = Data;
			sourceTree = "<group>";
		};
		931741852ACC5A02003AE7F2 /* Presentation */ = {
			isa = PBXGroup;
			children = (
				9351598F2ACDBDEB00458601 /* CustomNavigationBar */,
				931741882ACC5A29003AE7F2 /* HomeScreen */,
				931741862ACC5A0A003AE7F2 /* LaunchScreen */,
			);
			path = Presentation;
			sourceTree = "<group>";
		};
		931741862ACC5A0A003AE7F2 /* LaunchScreen */ = {
			isa = PBXGroup;
			children = (
				9317417A2ACC5730003AE7F2 /* LaunchScreen.storyboard */,
			);
			path = LaunchScreen;
			sourceTree = "<group>";
		};
		931741872ACC5A16003AE7F2 /* Resources */ = {
			isa = PBXGroup;
			children = (
				931741782ACC5730003AE7F2 /* Assets.xcassets */,
			);
			path = Resources;
			sourceTree = "<group>";
		};
		931741882ACC5A29003AE7F2 /* HomeScreen */ = {
			isa = PBXGroup;
			children = (
				935213CA2ACC7D4500911781 /* Views */,
				935213C92ACC7D2300911781 /* Cells */,
				935213C72ACC7D1500911781 /* ViewModel */,
				935213C62ACC7D0200911781 /* ViewController */,
			);
			path = HomeScreen;
			sourceTree = "<group>";
		};
		9351598F2ACDBDEB00458601 /* CustomNavigationBar */ = {
			isa = PBXGroup;
			children = (
				935159902ACDBE0500458601 /* View */,
			);
			path = CustomNavigationBar;
			sourceTree = "<group>";
		};
		935159902ACDBE0500458601 /* View */ = {
			isa = PBXGroup;
			children = (
				935159912ACDBE2B00458601 /* CustomNavigationBarView.swift */,
				935159932ACDBE4B00458601 /* CustomNavigationBarView.xib */,
			);
			path = View;
			sourceTree = "<group>";
		};
		935213C62ACC7D0200911781 /* ViewController */ = {
			isa = PBXGroup;
			children = (
				931741702ACC572E003AE7F2 /* HomeScreenViewController.swift */,
			);
			path = ViewController;
			sourceTree = "<group>";
		};
		935213C72ACC7D1500911781 /* ViewModel */ = {
			isa = PBXGroup;
			children = (
				935213D52ACC915C00911781 /* HomeScreenViewModel.swift */,
			);
			path = ViewModel;
			sourceTree = "<group>";
		};
		935213C92ACC7D2300911781 /* Cells */ = {
			isa = PBXGroup;
			children = (
				935159952ACDBF6E00458601 /* NewsListTableViewCell.swift */,
				935159962ACDBF6E00458601 /* NewsListTableViewCell.xib */,
			);
			path = Cells;
			sourceTree = "<group>";
		};
		935213CA2ACC7D4500911781 /* Views */ = {
			isa = PBXGroup;
			children = (
				935213CB2ACC7D6200911781 /* HomeScreenViewController.xib */,
			);
			path = Views;
			sourceTree = "<group>";
		};
		935213CD2ACC841000911781 /* Utils */ = {
			isa = PBXGroup;
			children = (
				935213D42ACC8EE600911781 /* Services */,
				935213D12ACC878700911781 /* Protocols */,
				935213CE2ACC841E00911781 /* Exentions */,
				93C6B6E82AD5D96B0055C162 /* APIKeys.swift */,
			);
			path = Utils;
			sourceTree = "<group>";
		};
		935213CE2ACC841E00911781 /* Exentions */ = {
			isa = PBXGroup;
			children = (
				935213CF2ACC843600911781 /* UIViewController+Extension.swift */,
			);
			path = Exentions;
			sourceTree = "<group>";
		};
		935213D12ACC878700911781 /* Protocols */ = {
			isa = PBXGroup;
			children = (
				935213D22ACC87C700911781 /* NibLoadable.swift */,
			);
			path = Protocols;
			sourceTree = "<group>";
		};
		935213D42ACC8EE600911781 /* Services */ = {
			isa = PBXGroup;
			children = (
			);
			path = Services;
			sourceTree = "<group>";
		};
		935213DA2ACCBFB500911781 /* Domain */ = {
			isa = PBXGroup;
			children = (
				935213DB2ACCBFC300911781 /* Entities */,
			);
			path = Domain;
			sourceTree = "<group>";
		};
		935213DB2ACCBFC300911781 /* Entities */ = {
			isa = PBXGroup;
			children = (
				930021F22ACD9BDC00A88CA0 /* NewsModel.swift */,
			);
			path = Entities;
			sourceTree = "<group>";
		};
		935213DC2ACCBFF600911781 /* DataModel */ = {
			isa = PBXGroup;
			children = (
				931741752ACC572E003AE7F2 /* DigitalNews.xcdatamodeld */,
			);
			path = DataModel;
			sourceTree = "<group>";
		};
		93C6B6C72AD57B890055C162 /* Network */ = {
			isa = PBXGroup;
			children = (
				93C6B6CE2AD57F470055C162 /* DataMapping */,
				93C6B6CB2AD57BF80055C162 /* Services */,
				93C6B6C82AD57B950055C162 /* Protocols */,
			);
			path = Network;
			sourceTree = "<group>";
		};
		93C6B6C82AD57B950055C162 /* Protocols */ = {
			isa = PBXGroup;
			children = (
				93C6B6DE2AD5BA7E0055C162 /* NetworkRequestBodyConvertible.swift */,
				93C6B6E02AD5BACC0055C162 /* Endpoint.swift */,
				93C6B6E22AD5CA3B0055C162 /* AlamoNetworkingProtocol.swift */,
			);
			path = Protocols;
			sourceTree = "<group>";
		};
		93C6B6CB2AD57BF80055C162 /* Services */ = {
			isa = PBXGroup;
			children = (
				93C6B6DC2AD5B9800055C162 /* AlamoNetworking.swift */,
			);
			path = Services;
			sourceTree = "<group>";
		};
		93C6B6CE2AD57F470055C162 /* DataMapping */ = {
			isa = PBXGroup;
			children = (
				93C6B6CF2AD57F640055C162 /* News+Decodable.swift */,
				93C6B6E42AD5CF010055C162 /* NewsEndpoint.swift */,
				93C6B6E62AD5D5640055C162 /* GetNewsInstruction.swift */,
			);
			path = DataMapping;
			sourceTree = "<group>";
		};
		93C6B6D12AD5A3290055C162 /* Services */ = {
			isa = PBXGroup;
			children = (
				93C6B6D22AD5A33B0055C162 /* CoreDataService.swift */,
			);
			path = Services;
			sourceTree = "<group>";
		};
		93C6B6D42AD5A3900055C162 /* Database */ = {
			isa = PBXGroup;
			children = (
				935213DC2ACCBFF600911781 /* DataModel */,
				93C6B6D52AD5A39B0055C162 /* Protocols */,
				93C6B6D12AD5A3290055C162 /* Services */,
			);
			path = Database;
			sourceTree = "<group>";
		};
		93C6B6D52AD5A39B0055C162 /* Protocols */ = {
			isa = PBXGroup;
			children = (
				93C6B6D62AD5A3C50055C162 /* CoreDatabaseServiceable.swift */,
			);
			path = Protocols;
			sourceTree = "<group>";
		};
		93C6B6D82AD5AC170055C162 /* Repository */ = {
			isa = PBXGroup;
			children = (
				93C6B6D92AD5AD990055C162 /* News */,
			);
			path = Repository;
			sourceTree = "<group>";
		};
		93C6B6D92AD5AD990055C162 /* News */ = {
			isa = PBXGroup;
			children = (
				93C6B6DA2AD5ADB10055C162 /* NewsRepository.swift */,
			);
			path = News;
			sourceTree = "<group>";
		};
		97EE44164851F3AAFC681E34 /* Frameworks */ = {
			isa = PBXGroup;
			children = (
				3B5F19C3E1E6D4D2CEDF218F /* Pods_DigitalNews.framework */,
			);
			name = Frameworks;
			sourceTree = "<group>";
		};
		BA4C744062857FF836172F3F /* Pods */ = {
			isa = PBXGroup;
			children = (
				353D5FD39D07965646CB7AE0 /* Pods-DigitalNews.debug.xcconfig */,
				A0D165E124CFFE81F8B1AD0A /* Pods-DigitalNews.release.xcconfig */,
			);
			path = Pods;
			sourceTree = "<group>";
		};
/* End PBXGroup section */

/* Begin PBXNativeTarget section */
		931741682ACC572E003AE7F2 /* DigitalNews */ = {
			isa = PBXNativeTarget;
			buildConfigurationList = 931741802ACC5730003AE7F2 /* Build configuration list for PBXNativeTarget "DigitalNews" */;
			buildPhases = (
				3F1287A0E7E74CBD69CC02E9 /* [CP] Check Pods Manifest.lock */,
				931741652ACC572E003AE7F2 /* Sources */,
				931741662ACC572E003AE7F2 /* Frameworks */,
				931741672ACC572E003AE7F2 /* Resources */,
				839EBB85C87A899699A8B6EF /* [CP] Embed Pods Frameworks */,
			);
			buildRules = (
			);
			dependencies = (
			);
			name = DigitalNews;
			productName = DigitalNews;
			productReference = 931741692ACC572E003AE7F2 /* DigitalNews.app */;
			productType = "com.apple.product-type.application";
		};
/* End PBXNativeTarget section */

/* Begin PBXProject section */
		931741612ACC572E003AE7F2 /* Project object */ = {
			isa = PBXProject;
			attributes = {
				BuildIndependentTargetsInParallel = 1;
				LastSwiftUpdateCheck = 1430;
				LastUpgradeCheck = 1500;
				TargetAttributes = {
					931741682ACC572E003AE7F2 = {
						CreatedOnToolsVersion = 14.3.1;
					};
				};
			};
			buildConfigurationList = 931741642ACC572E003AE7F2 /* Build configuration list for PBXProject "DigitalNews" */;
			compatibilityVersion = "Xcode 14.0";
			developmentRegion = en;
			hasScannedForEncodings = 0;
			knownRegions = (
				en,
				Base,
			);
			mainGroup = 931741602ACC572E003AE7F2;
			productRefGroup = 9317416A2ACC572E003AE7F2 /* Products */;
			projectDirPath = "";
			projectRoot = "";
			targets = (
				931741682ACC572E003AE7F2 /* DigitalNews */,
			);
		};
/* End PBXProject section */

/* Begin PBXResourcesBuildPhase section */
		931741672ACC572E003AE7F2 /* Resources */ = {
			isa = PBXResourcesBuildPhase;
			buildActionMask = 2147483647;
			files = (
				935159982ACDBF6E00458601 /* NewsListTableViewCell.xib in Resources */,
				935213CC2ACC7D6200911781 /* HomeScreenViewController.xib in Resources */,
				9317417C2ACC5730003AE7F2 /* LaunchScreen.storyboard in Resources */,
				931741792ACC5730003AE7F2 /* Assets.xcassets in Resources */,
				935159942ACDBE4B00458601 /* CustomNavigationBarView.xib in Resources */,
			);
			runOnlyForDeploymentPostprocessing = 0;
		};
/* End PBXResourcesBuildPhase section */

/* Begin PBXShellScriptBuildPhase section */
		3F1287A0E7E74CBD69CC02E9 /* [CP] Check Pods Manifest.lock */ = {
			isa = PBXShellScriptBuildPhase;
			buildActionMask = 2147483647;
			files = (
			);
			inputFileListPaths = (
			);
			inputPaths = (
				"${PODS_PODFILE_DIR_PATH}/Podfile.lock",
				"${PODS_ROOT}/Manifest.lock",
			);
			name = "[CP] Check Pods Manifest.lock";
			outputFileListPaths = (
			);
			outputPaths = (
				"$(DERIVED_FILE_DIR)/Pods-DigitalNews-checkManifestLockResult.txt",
			);
			runOnlyForDeploymentPostprocessing = 0;
			shellPath = /bin/sh;
			shellScript = "diff \"${PODS_PODFILE_DIR_PATH}/Podfile.lock\" \"${PODS_ROOT}/Manifest.lock\" > /dev/null\nif [ $? != 0 ] ; then\n    # print error to STDERR\n    echo \"error: The sandbox is not in sync with the Podfile.lock. Run 'pod install' or update your CocoaPods installation.\" >&2\n    exit 1\nfi\n# This output is used by Xcode 'outputs' to avoid re-running this script phase.\necho \"SUCCESS\" > \"${SCRIPT_OUTPUT_FILE_0}\"\n";
			showEnvVarsInLog = 0;
		};
		839EBB85C87A899699A8B6EF /* [CP] Embed Pods Frameworks */ = {
			isa = PBXShellScriptBuildPhase;
			buildActionMask = 2147483647;
			files = (
			);
			inputFileListPaths = (
				"${PODS_ROOT}/Target Support Files/Pods-DigitalNews/Pods-DigitalNews-frameworks-${CONFIGURATION}-input-files.xcfilelist",
			);
			name = "[CP] Embed Pods Frameworks";
			outputFileListPaths = (
				"${PODS_ROOT}/Target Support Files/Pods-DigitalNews/Pods-DigitalNews-frameworks-${CONFIGURATION}-output-files.xcfilelist",
			);
			runOnlyForDeploymentPostprocessing = 0;
			shellPath = /bin/sh;
			shellScript = "\"${PODS_ROOT}/Target Support Files/Pods-DigitalNews/Pods-DigitalNews-frameworks.sh\"\n";
			showEnvVarsInLog = 0;
		};
/* End PBXShellScriptBuildPhase section */

/* Begin PBXSourcesBuildPhase section */
		931741652ACC572E003AE7F2 /* Sources */ = {
			isa = PBXSourcesBuildPhase;
			buildActionMask = 2147483647;
			files = (
				93C6B6E32AD5CA3B0055C162 /* AlamoNetworkingProtocol.swift in Sources */,
				93C6B6D32AD5A33B0055C162 /* CoreDataService.swift in Sources */,
				930021F32ACD9BDC00A88CA0 /* NewsModel.swift in Sources */,
				93C6B6DF2AD5BA7E0055C162 /* NetworkRequestBodyConvertible.swift in Sources */,
				931741712ACC572E003AE7F2 /* HomeScreenViewController.swift in Sources */,
				9317416D2ACC572E003AE7F2 /* AppDelegate.swift in Sources */,
				935213D62ACC915C00911781 /* HomeScreenViewModel.swift in Sources */,
				93C6B6D02AD57F640055C162 /* News+Decodable.swift in Sources */,
				93C6B6DD2AD5B9800055C162 /* AlamoNetworking.swift in Sources */,
				93C6B6E92AD5D96B0055C162 /* APIKeys.swift in Sources */,
				9317416F2ACC572E003AE7F2 /* SceneDelegate.swift in Sources */,
				93C6B6E52AD5CF010055C162 /* NewsEndpoint.swift in Sources */,
				935213D32ACC87C700911781 /* NibLoadable.swift in Sources */,
				93C6B6E12AD5BACC0055C162 /* Endpoint.swift in Sources */,
				935159972ACDBF6E00458601 /* NewsListTableViewCell.swift in Sources */,
				935213D02ACC843600911781 /* UIViewController+Extension.swift in Sources */,
				93C6B6DB2AD5ADB10055C162 /* NewsRepository.swift in Sources */,
				93C6B6D72AD5A3C50055C162 /* CoreDatabaseServiceable.swift in Sources */,
				931741772ACC572E003AE7F2 /* DigitalNews.xcdatamodeld in Sources */,
				93C6B6E72AD5D5640055C162 /* GetNewsInstruction.swift in Sources */,
				935159922ACDBE2B00458601 /* CustomNavigationBarView.swift in Sources */,
			);
			runOnlyForDeploymentPostprocessing = 0;
		};
/* End PBXSourcesBuildPhase section */

/* Begin PBXVariantGroup section */
		9317417A2ACC5730003AE7F2 /* LaunchScreen.storyboard */ = {
			isa = PBXVariantGroup;
			children = (
				9317417B2ACC5730003AE7F2 /* Base */,
			);
			name = LaunchScreen.storyboard;
			sourceTree = "<group>";
		};
/* End PBXVariantGroup section */

/* Begin XCBuildConfiguration section */
		9317417E2ACC5730003AE7F2 /* Debug */ = {
			isa = XCBuildConfiguration;
			buildSettings = {
				ALWAYS_SEARCH_USER_PATHS = NO;
				ASSETCATALOG_COMPILER_GENERATE_SWIFT_ASSET_SYMBOL_EXTENSIONS = YES;
				CLANG_ANALYZER_NONNULL = YES;
				CLANG_ANALYZER_NUMBER_OBJECT_CONVERSION = YES_AGGRESSIVE;
				CLANG_CXX_LANGUAGE_STANDARD = "gnu++20";
				CLANG_ENABLE_MODULES = YES;
				CLANG_ENABLE_OBJC_ARC = YES;
				CLANG_ENABLE_OBJC_WEAK = YES;
				CLANG_WARN_BLOCK_CAPTURE_AUTORELEASING = YES;
				CLANG_WARN_BOOL_CONVERSION = YES;
				CLANG_WARN_COMMA = YES;
				CLANG_WARN_CONSTANT_CONVERSION = YES;
				CLANG_WARN_DEPRECATED_OBJC_IMPLEMENTATIONS = YES;
				CLANG_WARN_DIRECT_OBJC_ISA_USAGE = YES_ERROR;
				CLANG_WARN_DOCUMENTATION_COMMENTS = YES;
				CLANG_WARN_EMPTY_BODY = YES;
				CLANG_WARN_ENUM_CONVERSION = YES;
				CLANG_WARN_INFINITE_RECURSION = YES;
				CLANG_WARN_INT_CONVERSION = YES;
				CLANG_WARN_NON_LITERAL_NULL_CONVERSION = YES;
				CLANG_WARN_OBJC_IMPLICIT_RETAIN_SELF = YES;
				CLANG_WARN_OBJC_LITERAL_CONVERSION = YES;
				CLANG_WARN_OBJC_ROOT_CLASS = YES_ERROR;
				CLANG_WARN_QUOTED_INCLUDE_IN_FRAMEWORK_HEADER = YES;
				CLANG_WARN_RANGE_LOOP_ANALYSIS = YES;
				CLANG_WARN_STRICT_PROTOTYPES = YES;
				CLANG_WARN_SUSPICIOUS_MOVE = YES;
				CLANG_WARN_UNGUARDED_AVAILABILITY = YES_AGGRESSIVE;
				CLANG_WARN_UNREACHABLE_CODE = YES;
				CLANG_WARN__DUPLICATE_METHOD_MATCH = YES;
				COPY_PHASE_STRIP = NO;
				DEBUG_INFORMATION_FORMAT = dwarf;
				ENABLE_STRICT_OBJC_MSGSEND = YES;
				ENABLE_TESTABILITY = YES;
				ENABLE_USER_SCRIPT_SANDBOXING = NO;
				GCC_C_LANGUAGE_STANDARD = gnu11;
				GCC_DYNAMIC_NO_PIC = NO;
				GCC_NO_COMMON_BLOCKS = YES;
				GCC_OPTIMIZATION_LEVEL = 0;
				GCC_PREPROCESSOR_DEFINITIONS = (
					"DEBUG=1",
					"$(inherited)",
				);
				GCC_WARN_64_TO_32_BIT_CONVERSION = YES;
				GCC_WARN_ABOUT_RETURN_TYPE = YES_ERROR;
				GCC_WARN_UNDECLARED_SELECTOR = YES;
				GCC_WARN_UNINITIALIZED_AUTOS = YES_AGGRESSIVE;
				GCC_WARN_UNUSED_FUNCTION = YES;
				GCC_WARN_UNUSED_VARIABLE = YES;
				IPHONEOS_DEPLOYMENT_TARGET = 14.0;
				MTL_ENABLE_DEBUG_INFO = INCLUDE_SOURCE;
				MTL_FAST_MATH = YES;
				ONLY_ACTIVE_ARCH = YES;
				SDKROOT = iphoneos;
				SWIFT_ACTIVE_COMPILATION_CONDITIONS = DEBUG;
				SWIFT_OPTIMIZATION_LEVEL = "-Onone";
			};
			name = Debug;
		};
		9317417F2ACC5730003AE7F2 /* Release */ = {
			isa = XCBuildConfiguration;
			buildSettings = {
				ALWAYS_SEARCH_USER_PATHS = NO;
				ASSETCATALOG_COMPILER_GENERATE_SWIFT_ASSET_SYMBOL_EXTENSIONS = YES;
				CLANG_ANALYZER_NONNULL = YES;
				CLANG_ANALYZER_NUMBER_OBJECT_CONVERSION = YES_AGGRESSIVE;
				CLANG_CXX_LANGUAGE_STANDARD = "gnu++20";
				CLANG_ENABLE_MODULES = YES;
				CLANG_ENABLE_OBJC_ARC = YES;
				CLANG_ENABLE_OBJC_WEAK = YES;
				CLANG_WARN_BLOCK_CAPTURE_AUTORELEASING = YES;
				CLANG_WARN_BOOL_CONVERSION = YES;
				CLANG_WARN_COMMA = YES;
				CLANG_WARN_CONSTANT_CONVERSION = YES;
				CLANG_WARN_DEPRECATED_OBJC_IMPLEMENTATIONS = YES;
				CLANG_WARN_DIRECT_OBJC_ISA_USAGE = YES_ERROR;
				CLANG_WARN_DOCUMENTATION_COMMENTS = YES;
				CLANG_WARN_EMPTY_BODY = YES;
				CLANG_WARN_ENUM_CONVERSION = YES;
				CLANG_WARN_INFINITE_RECURSION = YES;
				CLANG_WARN_INT_CONVERSION = YES;
				CLANG_WARN_NON_LITERAL_NULL_CONVERSION = YES;
				CLANG_WARN_OBJC_IMPLICIT_RETAIN_SELF = YES;
				CLANG_WARN_OBJC_LITERAL_CONVERSION = YES;
				CLANG_WARN_OBJC_ROOT_CLASS = YES_ERROR;
				CLANG_WARN_QUOTED_INCLUDE_IN_FRAMEWORK_HEADER = YES;
				CLANG_WARN_RANGE_LOOP_ANALYSIS = YES;
				CLANG_WARN_STRICT_PROTOTYPES = YES;
				CLANG_WARN_SUSPICIOUS_MOVE = YES;
				CLANG_WARN_UNGUARDED_AVAILABILITY = YES_AGGRESSIVE;
				CLANG_WARN_UNREACHABLE_CODE = YES;
				CLANG_WARN__DUPLICATE_METHOD_MATCH = YES;
				COPY_PHASE_STRIP = NO;
				DEBUG_INFORMATION_FORMAT = "dwarf-with-dsym";
				ENABLE_NS_ASSERTIONS = NO;
				ENABLE_STRICT_OBJC_MSGSEND = YES;
				ENABLE_USER_SCRIPT_SANDBOXING = NO;
				GCC_C_LANGUAGE_STANDARD = gnu11;
				GCC_NO_COMMON_BLOCKS = YES;
				GCC_WARN_64_TO_32_BIT_CONVERSION = YES;
				GCC_WARN_ABOUT_RETURN_TYPE = YES_ERROR;
				GCC_WARN_UNDECLARED_SELECTOR = YES;
				GCC_WARN_UNINITIALIZED_AUTOS = YES_AGGRESSIVE;
				GCC_WARN_UNUSED_FUNCTION = YES;
				GCC_WARN_UNUSED_VARIABLE = YES;
				IPHONEOS_DEPLOYMENT_TARGET = 14.0;
				MTL_ENABLE_DEBUG_INFO = NO;
				MTL_FAST_MATH = YES;
				SDKROOT = iphoneos;
				SWIFT_COMPILATION_MODE = wholemodule;
				SWIFT_OPTIMIZATION_LEVEL = "-O";
				VALIDATE_PRODUCT = YES;
			};
			name = Release;
		};
		931741812ACC5730003AE7F2 /* Debug */ = {
			isa = XCBuildConfiguration;
			baseConfigurationReference = 353D5FD39D07965646CB7AE0 /* Pods-DigitalNews.debug.xcconfig */;
			buildSettings = {
				ASSETCATALOG_COMPILER_APPICON_NAME = AppIcon;
				ASSETCATALOG_COMPILER_GLOBAL_ACCENT_COLOR_NAME = AccentColor;
				CODE_SIGN_STYLE = Automatic;
				CURRENT_PROJECT_VERSION = 1;
				DEVELOPMENT_TEAM = 57CXKABA7X;
				GENERATE_INFOPLIST_FILE = YES;
				INFOPLIST_FILE = DigitalNews/Application/Info.plist;
				INFOPLIST_KEY_UIApplicationSupportsIndirectInputEvents = YES;
				INFOPLIST_KEY_UILaunchStoryboardName = LaunchScreen;
				INFOPLIST_KEY_UIMainStoryboardFile = Main;
				INFOPLIST_KEY_UISupportedInterfaceOrientations_iPad = "UIInterfaceOrientationPortrait UIInterfaceOrientationPortraitUpsideDown UIInterfaceOrientationLandscapeLeft UIInterfaceOrientationLandscapeRight";
				INFOPLIST_KEY_UISupportedInterfaceOrientations_iPhone = "UIInterfaceOrientationPortrait UIInterfaceOrientationLandscapeLeft UIInterfaceOrientationLandscapeRight";
				IPHONEOS_DEPLOYMENT_TARGET = 14.0;
				LD_RUNPATH_SEARCH_PATHS = (
					"$(inherited)",
					"@executable_path/Frameworks",
				);
				MARKETING_VERSION = 1.0;
				PRODUCT_BUNDLE_IDENTIFIER = com.hetman.DigitalNews;
				PRODUCT_NAME = "$(TARGET_NAME)";
				SWIFT_EMIT_LOC_STRINGS = YES;
				SWIFT_VERSION = 5.0;
				TARGETED_DEVICE_FAMILY = "1,2";
			};
			name = Debug;
		};
		931741822ACC5730003AE7F2 /* Release */ = {
			isa = XCBuildConfiguration;
			baseConfigurationReference = A0D165E124CFFE81F8B1AD0A /* Pods-DigitalNews.release.xcconfig */;
			buildSettings = {
				ASSETCATALOG_COMPILER_APPICON_NAME = AppIcon;
				ASSETCATALOG_COMPILER_GLOBAL_ACCENT_COLOR_NAME = AccentColor;
				CODE_SIGN_STYLE = Automatic;
				CURRENT_PROJECT_VERSION = 1;
				DEVELOPMENT_TEAM = 57CXKABA7X;
				GENERATE_INFOPLIST_FILE = YES;
				INFOPLIST_FILE = DigitalNews/Application/Info.plist;
				INFOPLIST_KEY_UIApplicationSupportsIndirectInputEvents = YES;
				INFOPLIST_KEY_UILaunchStoryboardName = LaunchScreen;
				INFOPLIST_KEY_UIMainStoryboardFile = Main;
				INFOPLIST_KEY_UISupportedInterfaceOrientations_iPad = "UIInterfaceOrientationPortrait UIInterfaceOrientationPortraitUpsideDown UIInterfaceOrientationLandscapeLeft UIInterfaceOrientationLandscapeRight";
				INFOPLIST_KEY_UISupportedInterfaceOrientations_iPhone = "UIInterfaceOrientationPortrait UIInterfaceOrientationLandscapeLeft UIInterfaceOrientationLandscapeRight";
				IPHONEOS_DEPLOYMENT_TARGET = 14.0;
				LD_RUNPATH_SEARCH_PATHS = (
					"$(inherited)",
					"@executable_path/Frameworks",
				);
				MARKETING_VERSION = 1.0;
				PRODUCT_BUNDLE_IDENTIFIER = com.hetman.DigitalNews;
				PRODUCT_NAME = "$(TARGET_NAME)";
				SWIFT_EMIT_LOC_STRINGS = YES;
				SWIFT_VERSION = 5.0;
				TARGETED_DEVICE_FAMILY = "1,2";
			};
			name = Release;
		};
/* End XCBuildConfiguration section */

/* Begin XCConfigurationList section */
		931741642ACC572E003AE7F2 /* Build configuration list for PBXProject "DigitalNews" */ = {
			isa = XCConfigurationList;
			buildConfigurations = (
				9317417E2ACC5730003AE7F2 /* Debug */,
				9317417F2ACC5730003AE7F2 /* Release */,
			);
			defaultConfigurationIsVisible = 0;
			defaultConfigurationName = Release;
		};
		931741802ACC5730003AE7F2 /* Build configuration list for PBXNativeTarget "DigitalNews" */ = {
			isa = XCConfigurationList;
			buildConfigurations = (
				931741812ACC5730003AE7F2 /* Debug */,
				931741822ACC5730003AE7F2 /* Release */,
			);
			defaultConfigurationIsVisible = 0;
			defaultConfigurationName = Release;
		};
/* End XCConfigurationList section */

/* Begin XCVersionGroup section */
		931741752ACC572E003AE7F2 /* DigitalNews.xcdatamodeld */ = {
			isa = XCVersionGroup;
			children = (
				931741762ACC572E003AE7F2 /* DigitalNews.xcdatamodel */,
			);
			currentVersion = 931741762ACC572E003AE7F2 /* DigitalNews.xcdatamodel */;
			path = DigitalNews.xcdatamodeld;
			sourceTree = "<group>";
			versionGroupType = wrapper.xcdatamodel;
		};
/* End XCVersionGroup section */
	};
	rootObject = 931741612ACC572E003AE7F2 /* Project object */;
}
